
Microsoft Visual Studio Solution File, Format Version 12.00
# Visual Studio Version 17
VisualStudioVersion = 17.5.002.0
MinimumVisualStudioVersion = 10.0.40219.1
Project("{9A19103F-16F7-4668-BE54-9A1E7A4F7556}") = "DesafioFundamentos", "DesafioFundamentos\DesafioFundamentos.csproj", "{7A6659FA-4B72-44D4-AF59-A53F563142C9}"
EndProject
Global
	GlobalSection(SolutionConfigurationPlatforms) = preSolution
		Debug|Any CPU = Debug|Any CPU
		Release|Any CPU = Release|Any CPU
	EndGlobalSection
	GlobalSection(ProjectConfigurationPlatforms) = postSolution
		{7A6659FA-4B72-44D4-AF59-A53F563142C9}.Debug|Any CPU.ActiveCfg = Debug|Any CPU
		{7A6659FA-4B72-44D4-AF59-A53F563142C9}.Debug|Any CPU.Build.0 = Debug|Any CPU
		{7A6659FA-4B72-44D4-AF59-A53F563142C9}.Release|Any CPU.ActiveCfg = Release|Any CPU
		{7A6659FA-4B72-44D4-AF59-A53F563142C9}.Release|Any CPU.Build.0 = Release|Any CPU
	EndGlobalSection
	GlobalSection(SolutionProperties) = preSolution
		HideSolutionNode = FALSE
	EndGlobalSection
	GlobalSection(ExtensibilityGlobals) = postSolution
		SolutionGuid = {19159CCF-CC38-4E4A-92B7-C0BB32DF8450}
	EndGlobalSection
EndGlobal
